Microsoft Visual Studio Solution File, Format Version 12.00
# Visual Studio Version 16
VisualStudioVersion = 16.0.29806.167
MinimumVisualStudioVersion = 10.0.40219.1
Project("{9A19103F-16F7-4668-BE54-9A1E7A4F7556}") = "myAirport", "myAirport\myAirport.csproj", "{B2315E8D-4832-49E9-A810-A7DA4DF1C7B6}"
EndProject
Project("{9A19103F-16F7-4668-BE54-9A1E7A4F7556}") = "MyAirport.EF", "MyAirport.EF\MyAirport.EF.csproj", "{0BEFBE96-F83D-4C01-AC70-A5FE73415A72}"
EndProject
Project("{FAE04EC0-301F-11D3-BF4B-00C04F79EFBC}") = "MyAirportWebApi", "MyAirportWebApi\MyAirportWebApi.csproj", "{A9C373FB-AA57-4E2B-B052-9F780575EF1F}"
EndProject
Global
	GlobalSection(SolutionConfigurationPlatforms) = preSolution
		Debug|Any CPU = Debug|Any CPU
		Release|Any CPU = Release|Any CPU
	EndGlobalSection
	GlobalSection(ProjectConfigurationPlatforms) = postSolution
		{B2315E8D-4832-49E9-A810-A7DA4DF1C7B6}.Debug|Any CPU.ActiveCfg = Debug|Any CPU
		{B2315E8D-4832-49E9-A810-A7DA4DF1C7B6}.Debug|Any CPU.Build.0 = Debug|Any CPU
		{B2315E8D-4832-49E9-A810-A7DA4DF1C7B6}.Release|Any CPU.ActiveCfg = Release|Any CPU
		{B2315E8D-4832-49E9-A810-A7DA4DF1C7B6}.Release|Any CPU.Build.0 = Release|Any CPU
		{0BEFBE96-F83D-4C01-AC70-A5FE73415A72}.Debug|Any CPU.ActiveCfg = Debug|Any CPU
		{0BEFBE96-F83D-4C01-AC70-A5FE73415A72}.Debug|Any CPU.Build.0 = Debug|Any CPU
		{0BEFBE96-F83D-4C01-AC70-A5FE73415A72}.Release|Any CPU.ActiveCfg = Release|Any CPU
		{0BEFBE96-F83D-4C01-AC70-A5FE73415A72}.Release|Any CPU.Build.0 = Release|Any CPU
		{A9C373FB-AA57-4E2B-B052-9F780575EF1F}.Debug|Any CPU.ActiveCfg = Debug|Any CPU
		{A9C373FB-AA57-4E2B-B052-9F780575EF1F}.Debug|Any CPU.Build.0 = Debug|Any CPU
		{A9C373FB-AA57-4E2B-B052-9F780575EF1F}.Release|Any CPU.ActiveCfg = Release|Any CPU
		{A9C373FB-AA57-4E2B-B052-9F780575EF1F}.Release|Any CPU.Build.0 = Release|Any CPU
	EndGlobalSection
	GlobalSection(SolutionProperties) = preSolution
		HideSolutionNode = FALSE
	EndGlobalSection
	GlobalSection(ExtensibilityGlobals) = postSolution
		SolutionGuid = {83C4A247-6DAC-44BE-A5E4-F0B75A81B076}
	EndGlobalSection
EndGlobal
